
Microsoft Visual Studio Solution File, Format Version 12.00
# Visual Studio Version 16
VisualStudioVersion = 16.0.30621.155
MinimumVisualStudioVersion = 10.0.40219.1
Project("{9A19103F-16F7-4668-BE54-9A1E7A4F7556}") = "BikeStore.ConsoleApp", "BikeStore.ConsoleApp\BikeStore.ConsoleApp.csproj", "{51CBE1D4-B2B6-4CF7-AC04-3662EB782F47}"
EndProject
Project("{9A19103F-16F7-4668-BE54-9A1E7A4F7556}") = "BikeStore.Common", "BikeStore.Common\BikeStore.Common.csproj", "{31D3188B-4E6B-4FB2-A884-67116D6D3900}"
EndProject
Project("{9A19103F-16F7-4668-BE54-9A1E7A4F7556}") = "BikeStore.Service", "BikeStore.Service\BikeStore.Service.csproj", "{79AD2016-E84E-48CD-8846-44A07C079C5F}"
EndProject
Project("{9A19103F-16F7-4668-BE54-9A1E7A4F7556}") = "BikeStore.Service.Tests", "BikeStore.Service.Tests\BikeStore.Service.Tests.csproj", "{4D887960-E40D-46F4-9603-55D2E6A99B87}"
EndProject
Project("{9A19103F-16F7-4668-BE54-9A1E7A4F7556}") = "BikeStore.Data", "BikeStore.Data\BikeStore.Data.csproj", "{DF8AC0FD-6F6E-4C72-A2CF-6375E0013F54}"
EndProject
Project("{FAE04EC0-301F-11D3-BF4B-00C04F79EFBC}") = "BikeStore.WebApp", "BikeStore.WebApp\BikeStore.WebApp.csproj", "{0477C9B0-56A9-4F39-BF8D-9E0EC04D42F5}"
EndProject
Global
	GlobalSection(SolutionConfigurationPlatforms) = preSolution
		Debug|Any CPU = Debug|Any CPU
		Release|Any CPU = Release|Any CPU
	EndGlobalSection
	GlobalSection(ProjectConfigurationPlatforms) = postSolution
		{51CBE1D4-B2B6-4CF7-AC04-3662EB782F47}.Debug|Any CPU.ActiveCfg = Debug|Any CPU
		{51CBE1D4-B2B6-4CF7-AC04-3662EB782F47}.Debug|Any CPU.Build.0 = Debug|Any CPU
		{51CBE1D4-B2B6-4CF7-AC04-3662EB782F47}.Release|Any CPU.ActiveCfg = Release|Any CPU
		{51CBE1D4-B2B6-4CF7-AC04-3662EB782F47}.Release|Any CPU.Build.0 = Release|Any CPU
		{31D3188B-4E6B-4FB2-A884-67116D6D3900}.Debug|Any CPU.ActiveCfg = Debug|Any CPU
		{31D3188B-4E6B-4FB2-A884-67116D6D3900}.Debug|Any CPU.Build.0 = Debug|Any CPU
		{31D3188B-4E6B-4FB2-A884-67116D6D3900}.Release|Any CPU.ActiveCfg = Release|Any CPU
		{31D3188B-4E6B-4FB2-A884-67116D6D3900}.Release|Any CPU.Build.0 = Release|Any CPU
		{79AD2016-E84E-48CD-8846-44A07C079C5F}.Debug|Any CPU.ActiveCfg = Debug|Any CPU
		{79AD2016-E84E-48CD-8846-44A07C079C5F}.Debug|Any CPU.Build.0 = Debug|Any CPU
		{79AD2016-E84E-48CD-8846-44A07C079C5F}.Release|Any CPU.ActiveCfg = Release|Any CPU
		{79AD2016-E84E-48CD-8846-44A07C079C5F}.Release|Any CPU.Build.0 = Release|Any CPU
		{4D887960-E40D-46F4-9603-55D2E6A99B87}.Debug|Any CPU.ActiveCfg = Debug|Any CPU
		{4D887960-E40D-46F4-9603-55D2E6A99B87}.Debug|Any CPU.Build.0 = Debug|Any CPU
		{4D887960-E40D-46F4-9603-55D2E6A99B87}.Release|Any CPU.ActiveCfg = Release|Any CPU
		{4D887960-E40D-46F4-9603-55D2E6A99B87}.Release|Any CPU.Build.0 = Release|Any CPU
		{DF8AC0FD-6F6E-4C72-A2CF-6375E0013F54}.Debug|Any CPU.ActiveCfg = Debug|Any CPU
		{DF8AC0FD-6F6E-4C72-A2CF-6375E0013F54}.Debug|Any CPU.Build.0 = Debug|Any CPU
		{DF8AC0FD-6F6E-4C72-A2CF-6375E0013F54}.Release|Any CPU.ActiveCfg = Release|Any CPU
		{DF8AC0FD-6F6E-4C72-A2CF-6375E0013F54}.Release|Any CPU.Build.0 = Release|Any CPU
		{0477C9B0-56A9-4F39-BF8D-9E0EC04D42F5}.Debug|Any CPU.ActiveCfg = Debug|Any CPU
		{0477C9B0-56A9-4F39-BF8D-9E0EC04D42F5}.Debug|Any CPU.Build.0 = Debug|Any CPU
		{0477C9B0-56A9-4F39-BF8D-9E0EC04D42F5}.Release|Any CPU.ActiveCfg = Release|Any CPU
		{0477C9B0-56A9-4F39-BF8D-9E0EC04D42F5}.Release|Any CPU.Build.0 = Release|Any CPU
	EndGlobalSection
	GlobalSection(SolutionProperties) = preSolution
		HideSolutionNode = FALSE
	EndGlobalSection
	GlobalSection(ExtensibilityGlobals) = postSolution
		SolutionGuid = {D750D2C5-5B39-40C9-852A-C115B46D6D05}
	EndGlobalSection
EndGlobal
